
Microsoft Visual Studio Solution File, Format Version 12.00
# Visual Studio Version 17
VisualStudioVersion = 17.7.34202.233
MinimumVisualStudioVersion = 10.0.40219.1
Project("{FAE04EC0-301F-11D3-BF4B-00C04F79EFBC}") = "ConsoleApp7", "ConsoleApp7.csproj", "{CF4922AD-74E5-4CB3-8E0E-6830A46FAAE2}"
EndProject
Global
	GlobalSection(SolutionConfigurationPlatforms) = preSolution
		Debug|Any CPU = Debug|Any CPU
		Release|Any CPU = Release|Any CPU
	EndGlobalSection
	GlobalSection(ProjectConfigurationPlatforms) = postSolution
		{CF4922AD-74E5-4CB3-8E0E-6830A46FAAE2}.Debug|Any CPU.ActiveCfg = Debug|Any CPU
		{CF4922AD-74E5-4CB3-8E0E-6830A46FAAE2}.Debug|Any CPU.Build.0 = Debug|Any CPU
		{CF4922AD-74E5-4CB3-8E0E-6830A46FAAE2}.Release|Any CPU.ActiveCfg = Release|Any CPU
		{CF4922AD-74E5-4CB3-8E0E-6830A46FAAE2}.Release|Any CPU.Build.0 = Release|Any CPU
	EndGlobalSection
	GlobalSection(SolutionProperties) = preSolution
		HideSolutionNode = FALSE
	EndGlobalSection
	GlobalSection(ExtensibilityGlobals) = postSolution
		SolutionGuid = {987EF5B6-5011-49C6-8234-F5D9A096294B}
	EndGlobalSection
EndGlobal
